
Microsoft Visual Studio Solution File, Format Version 12.00
Project("{FAE04EC0-301F-11D3-BF4B-00C04F79EFBC}") = "BenchmarkTests-R2CM", "src\BenchmarkTests-R2CM\BenchmarkTests-R2CM.csproj", "{8957736B-65CA-4E91-BB2E-C9A7179B907C}"
EndProject
Project("{2150E333-8FDC-42A3-9474-1A3956D46DE8}") = "src", "src", "{B9D07BB1-1059-4CB5-8270-73294833FB55}"
EndProject
Global
	GlobalSection(SolutionConfigurationPlatforms) = preSolution
		Debug|Any CPU = Debug|Any CPU
		Release|Any CPU = Release|Any CPU
	EndGlobalSection
	GlobalSection(ProjectConfigurationPlatforms) = postSolution
		{8957736B-65CA-4E91-BB2E-C9A7179B907C}.Debug|Any CPU.ActiveCfg = Debug|Any CPU
		{8957736B-65CA-4E91-BB2E-C9A7179B907C}.Debug|Any CPU.Build.0 = Debug|Any CPU
		{8957736B-65CA-4E91-BB2E-C9A7179B907C}.Release|Any CPU.ActiveCfg = Release|Any CPU
		{8957736B-65CA-4E91-BB2E-C9A7179B907C}.Release|Any CPU.Build.0 = Release|Any CPU
	EndGlobalSection
	GlobalSection(NestedProjects) = preSolution
		{8957736B-65CA-4E91-BB2E-C9A7179B907C} = {B9D07BB1-1059-4CB5-8270-73294833FB55}
	EndGlobalSection
EndGlobal
